// !$*UTF8*$!
{
	archiveVersion = 1;
	classes = {
	};
	objectVersion = 56;
	objects = {

/* Begin PBXBuildFile section */
		246100F92AFBE4F4000E1295 /* CharacterRepositoryImp.swift in Sources */ = {isa = PBXBuildFile; fileRef = 246100F82AFBE4F4000E1295 /* CharacterRepositoryImp.swift */; };
		246100FB2AFBE5B4000E1295 /* ResultsCharacterDTO+Mapping.swift in Sources */ = {isa = PBXBuildFile; fileRef = 246100FA2AFBE5B4000E1295 /* ResultsCharacterDTO+Mapping.swift */; };
		246100FE2AFC0C1C000E1295 /* LoadCharacterUseCase.swift in Sources */ = {isa = PBXBuildFile; fileRef = 246100FD2AFC0C1C000E1295 /* LoadCharacterUseCase.swift */; };
		246101022AFC0DD7000E1295 /* CharacterViewModel.swift in Sources */ = {isa = PBXBuildFile; fileRef = 246101012AFC0DD7000E1295 /* CharacterViewModel.swift */; };
		246101042AFC0E36000E1295 /* ItemCharacterViewModel.swift in Sources */ = {isa = PBXBuildFile; fileRef = 246101032AFC0E36000E1295 /* ItemCharacterViewModel.swift */; };
		246101062AFC0ED6000E1295 /* BaseViewModel.swift in Sources */ = {isa = PBXBuildFile; fileRef = 246101052AFC0ED6000E1295 /* BaseViewModel.swift */; };
		246101082AFC0F4A000E1295 /* StateController.swift in Sources */ = {isa = PBXBuildFile; fileRef = 246101072AFC0F4A000E1295 /* StateController.swift */; };
		2461010A2AFC1C12000E1295 /* UITableViewController+ext.swift in Sources */ = {isa = PBXBuildFile; fileRef = 246101092AFC1C12000E1295 /* UITableViewController+ext.swift */; };
		246101102AFC2524000E1295 /* LastPageValidationUseCase.swift in Sources */ = {isa = PBXBuildFile; fileRef = 2461010F2AFC2524000E1295 /* LastPageValidationUseCase.swift */; };
		246101132AFC4451000E1295 /* MessageDisplayable.swift in Sources */ = {isa = PBXBuildFile; fileRef = 246101122AFC4451000E1295 /* MessageDisplayable.swift */; };
		246101172AFC475A000E1295 /* RemoteImageDataService.swift in Sources */ = {isa = PBXBuildFile; fileRef = 246101162AFC475A000E1295 /* RemoteImageDataService.swift */; };
		2461011B2AFC47C9000E1295 /* NetworkService+ext.swift in Sources */ = {isa = PBXBuildFile; fileRef = 2461011A2AFC47C9000E1295 /* NetworkService+ext.swift */; };
		2461011E2AFC48D6000E1295 /* LocalDataImageService.swift in Sources */ = {isa = PBXBuildFile; fileRef = 2461011D2AFC48D6000E1295 /* LocalDataImageService.swift */; };
		246101212AFC49F0000E1295 /* ImageDataRepository.swift in Sources */ = {isa = PBXBuildFile; fileRef = 246101202AFC49F0000E1295 /* ImageDataRepository.swift */; };
		246101242AFC4A8F000E1295 /* ImageDataRepositoryImp.swift in Sources */ = {isa = PBXBuildFile; fileRef = 246101232AFC4A8F000E1295 /* ImageDataRepositoryImp.swift */; };
		246101272AFC4BAC000E1295 /* ImageDataUseCase.swift in Sources */ = {isa = PBXBuildFile; fileRef = 246101262AFC4BAC000E1295 /* ImageDataUseCase.swift */; };
		246101292AFC54A6000E1295 /* UIImageView+ext.swift in Sources */ = {isa = PBXBuildFile; fileRef = 246101282AFC54A6000E1295 /* UIImageView+ext.swift */; };
		247A900E2AFB9844007F0805 /* Coordinator.swift in Sources */ = {isa = PBXBuildFile; fileRef = 247A900D2AFB9844007F0805 /* Coordinator.swift */; };
		247A90102AFB984C007F0805 /* ParentCoordinator.swift in Sources */ = {isa = PBXBuildFile; fileRef = 247A900F2AFB984C007F0805 /* ParentCoordinator.swift */; };
		247A90132AFB987C007F0805 /* Router.swift in Sources */ = {isa = PBXBuildFile; fileRef = 247A90122AFB987C007F0805 /* Router.swift */; };
		247A90162AFB9975007F0805 /* AppFactory.swift in Sources */ = {isa = PBXBuildFile; fileRef = 247A90152AFB9975007F0805 /* AppFactory.swift */; };
		247A90182AFB9989007F0805 /* AppDIContainer.swift in Sources */ = {isa = PBXBuildFile; fileRef = 247A90172AFB9989007F0805 /* AppDIContainer.swift */; };
		247A901B2AFB99C9007F0805 /* Auth.swift in Sources */ = {isa = PBXBuildFile; fileRef = 247A901A2AFB99C9007F0805 /* Auth.swift */; };
		247A90212AFB9AE4007F0805 /* LoginFactory.swift in Sources */ = {isa = PBXBuildFile; fileRef = 247A90202AFB9AE4007F0805 /* LoginFactory.swift */; };
		247A90232AFB9AF3007F0805 /* LoginCoordinator.swift in Sources */ = {isa = PBXBuildFile; fileRef = 247A90222AFB9AF3007F0805 /* LoginCoordinator.swift */; };
		247A90252AFB9B2B007F0805 /* LoginViewController.swift in Sources */ = {isa = PBXBuildFile; fileRef = 247A90242AFB9B2B007F0805 /* LoginViewController.swift */; };
		247A90272AFB9B3C007F0805 /* LoginViewModel.swift in Sources */ = {isa = PBXBuildFile; fileRef = 247A90262AFB9B3C007F0805 /* LoginViewModel.swift */; };
		247A902C2AFB9BDC007F0805 /* MainTabBarController.swift in Sources */ = {isa = PBXBuildFile; fileRef = 247A902B2AFB9BDC007F0805 /* MainTabBarController.swift */; };
		247A902E2AFB9C76007F0805 /* MainTabBarFactory.swift in Sources */ = {isa = PBXBuildFile; fileRef = 247A902D2AFB9C76007F0805 /* MainTabBarFactory.swift */; };
		247A90302AFB9C9C007F0805 /* MainTabBarCoordinator.swift in Sources */ = {isa = PBXBuildFile; fileRef = 247A902F2AFB9C9C007F0805 /* MainTabBarCoordinator.swift */; };
		247A90322AFB9CA9007F0805 /* ItemTabBarFactory.swift in Sources */ = {isa = PBXBuildFile; fileRef = 247A90312AFB9CA9007F0805 /* ItemTabBarFactory.swift */; };
		247A903A2AFBA698007F0805 /* CharactersFactory.swift in Sources */ = {isa = PBXBuildFile; fileRef = 247A90392AFBA698007F0805 /* CharactersFactory.swift */; };
		247A903C2AFBA6A2007F0805 /* CharactersCoordinator.swift in Sources */ = {isa = PBXBuildFile; fileRef = 247A903B2AFBA6A2007F0805 /* CharactersCoordinator.swift */; };
		247A903E2AFBA7D4007F0805 /* CharactersViewController.swift in Sources */ = {isa = PBXBuildFile; fileRef = 247A903D2AFBA7D4007F0805 /* CharactersViewController.swift */; };
		247A90402AFBA880007F0805 /* SettingCoordinator.swift in Sources */ = {isa = PBXBuildFile; fileRef = 247A903F2AFBA880007F0805 /* SettingCoordinator.swift */; };
		247A90422AFBA887007F0805 /* SettingsFactory.swift in Sources */ = {isa = PBXBuildFile; fileRef = 247A90412AFBA887007F0805 /* SettingsFactory.swift */; };
		247A90462AFBA98B007F0805 /* SettingsViewController.swift in Sources */ = {isa = PBXBuildFile; fileRef = 247A90452AFBA98B007F0805 /* SettingsViewController.swift */; };
		247A90482AFBA9AB007F0805 /* SettingsViewModel.swift in Sources */ = {isa = PBXBuildFile; fileRef = 247A90472AFBA9AB007F0805 /* SettingsViewModel.swift */; };
		247A904A2AFBA9DC007F0805 /* SettingsViewNavigation.swift in Sources */ = {isa = PBXBuildFile; fileRef = 247A90492AFBA9DC007F0805 /* SettingsViewNavigation.swift */; };
		247A904C2AFBA9EE007F0805 /* ItemSettingViewModel.swift in Sources */ = {isa = PBXBuildFile; fileRef = 247A904B2AFBA9EE007F0805 /* ItemSettingViewModel.swift */; };
		247A90532AFBB661007F0805 /* Endpoint.swift in Sources */ = {isa = PBXBuildFile; fileRef = 247A90522AFBB661007F0805 /* Endpoint.swift */; };
		247A90552AFBB6A0007F0805 /* NetworkError.swift in Sources */ = {isa = PBXBuildFile; fileRef = 247A90542AFBB6A0007F0805 /* NetworkError.swift */; };
		247A90572AFBB765007F0805 /* Network.swift in Sources */ = {isa = PBXBuildFile; fileRef = 247A90562AFBB765007F0805 /* Network.swift */; };
		247A90592AFBB7B5007F0805 /* StatusResponse.swift in Sources */ = {isa = PBXBuildFile; fileRef = 247A90582AFBB7B5007F0805 /* StatusResponse.swift */; };
		247A905B2AFBB831007F0805 /* NetworkService.swift in Sources */ = {isa = PBXBuildFile; fileRef = 247A905A2AFBB831007F0805 /* NetworkService.swift */; };
		247A90602AFBC230007F0805 /* ItemCharacterTableViewCell.swift in Sources */ = {isa = PBXBuildFile; fileRef = 247A905F2AFBC230007F0805 /* ItemCharacterTableViewCell.swift */; };
		247A90622AFBC28E007F0805 /* Reusable.swift in Sources */ = {isa = PBXBuildFile; fileRef = 247A90612AFBC28E007F0805 /* Reusable.swift */; };
		247A90642AFBC342007F0805 /* UIView+ext.swift in Sources */ = {isa = PBXBuildFile; fileRef = 247A90632AFBC342007F0805 /* UIView+ext.swift */; };
		247A90672AFBC3CA007F0805 /* Resources.swift in Sources */ = {isa = PBXBuildFile; fileRef = 247A90662AFBC3CA007F0805 /* Resources.swift */; };
		247A906E2AFBDAA5007F0805 /* Character.swift in Sources */ = {isa = PBXBuildFile; fileRef = 247A906D2AFBDAA5007F0805 /* Character.swift */; };
		247A90702AFBDC9E007F0805 /* String+ext.swift in Sources */ = {isa = PBXBuildFile; fileRef = 247A906F2AFBDC9E007F0805 /* String+ext.swift */; };
		247A90722AFBDD35007F0805 /* AppLocalized.swift in Sources */ = {isa = PBXBuildFile; fileRef = 247A90712AFBDD35007F0805 /* AppLocalized.swift */; };
		247A90742AFBDDEF007F0805 /* StatusCharacter.swift in Sources */ = {isa = PBXBuildFile; fileRef = 247A90732AFBDDEF007F0805 /* StatusCharacter.swift */; };
		247A90762AFBDE07007F0805 /* Specie.swift in Sources */ = {isa = PBXBuildFile; fileRef = 247A90752AFBDE07007F0805 /* Specie.swift */; };
		247A90782AFBE02C007F0805 /* Origin.swift in Sources */ = {isa = PBXBuildFile; fileRef = 247A90772AFBE02C007F0805 /* Origin.swift */; };
		247A907A2AFBE076007F0805 /* Location.swift in Sources */ = {isa = PBXBuildFile; fileRef = 247A90792AFBE076007F0805 /* Location.swift */; };
		247A907E2AFBE0E0007F0805 /* ResultsCharacterDTO.swift in Sources */ = {isa = PBXBuildFile; fileRef = 247A907D2AFBE0E0007F0805 /* ResultsCharacterDTO.swift */; };
		247A90802AFBE10E007F0805 /* CharacterDTO.swift in Sources */ = {isa = PBXBuildFile; fileRef = 247A907F2AFBE10E007F0805 /* CharacterDTO.swift */; };
		247A90832AFBE199007F0805 /* OriginDTO.swift in Sources */ = {isa = PBXBuildFile; fileRef = 247A90822AFBE199007F0805 /* OriginDTO.swift */; };
		247A90852AFBE1B8007F0805 /* LocationDTO.swift in Sources */ = {isa = PBXBuildFile; fileRef = 247A90842AFBE1B8007F0805 /* LocationDTO.swift */; };
		247A90872AFBE1FD007F0805 /* InfoDTO.swift in Sources */ = {isa = PBXBuildFile; fileRef = 247A90862AFBE1FD007F0805 /* InfoDTO.swift */; };
		247A908B2AFBE2CE007F0805 /* CharactersRepository.swift in Sources */ = {isa = PBXBuildFile; fileRef = 247A908A2AFBE2CE007F0805 /* CharactersRepository.swift */; };
		247A908D2AFBE350007F0805 /* Info.swift in Sources */ = {isa = PBXBuildFile; fileRef = 247A908C2AFBE350007F0805 /* Info.swift */; };
		248368952AFCECCD00B9AC9A /* CharacterDetailViewController.swift in Sources */ = {isa = PBXBuildFile; fileRef = 248368942AFCECCD00B9AC9A /* CharacterDetailViewController.swift */; };
		248368972AFCED0300B9AC9A /* CharacterDetailCoordinator.swift in Sources */ = {isa = PBXBuildFile; fileRef = 248368962AFCED0300B9AC9A /* CharacterDetailCoordinator.swift */; };
		248368992AFCED3700B9AC9A /* CharacterDetailFactory.swift in Sources */ = {isa = PBXBuildFile; fileRef = 248368982AFCED3700B9AC9A /* CharacterDetailFactory.swift */; };
		2483689E2AFCF84900B9AC9A /* CharacterDetailRepository.swift in Sources */ = {isa = PBXBuildFile; fileRef = 2483689D2AFCF84900B9AC9A /* CharacterDetailRepository.swift */; };
		248368A12AFD119900B9AC9A /* CharacterDetailRepositoryImp.swift in Sources */ = {isa = PBXBuildFile; fileRef = 248368A02AFD119900B9AC9A /* CharacterDetailRepositoryImp.swift */; };
		248368A42AFD12AE00B9AC9A /* CharacterDTO+Mapping.swift in Sources */ = {isa = PBXBuildFile; fileRef = 248368A32AFD12AE00B9AC9A /* CharacterDTO+Mapping.swift */; };
		248368A72AFD15C900B9AC9A /* LoadCharacterDetailUseCase.swift in Sources */ = {isa = PBXBuildFile; fileRef = 248368A62AFD15C900B9AC9A /* LoadCharacterDetailUseCase.swift */; };
		248368AB2AFD19E300B9AC9A /* CharacterDetailViewModel.swift in Sources */ = {isa = PBXBuildFile; fileRef = 248368AA2AFD19E300B9AC9A /* CharacterDetailViewModel.swift */; };
		248368AD2AFD2D1C00B9AC9A /* SpinnerDisplayable.swift in Sources */ = {isa = PBXBuildFile; fileRef = 248368AC2AFD2D1C00B9AC9A /* SpinnerDisplayable.swift */; };
		24E03B4B2AE6AB02005E78DD /* AppDelegate.swift in Sources */ = {isa = PBXBuildFile; fileRef = 24E03B4A2AE6AB02005E78DD /* AppDelegate.swift */; };
		24E03B4D2AE6AB02005E78DD /* SceneDelegate.swift in Sources */ = {isa = PBXBuildFile; fileRef = 24E03B4C2AE6AB02005E78DD /* SceneDelegate.swift */; };
		24E03B542AE6AB03005E78DD /* Assets.xcassets in Resources */ = {isa = PBXBuildFile; fileRef = 24E03B532AE6AB03005E78DD /* Assets.xcassets */; };
		24E03B572AE6AB03005E78DD /* LaunchScreen.storyboard in Resources */ = {isa = PBXBuildFile; fileRef = 24E03B552AE6AB03005E78DD /* LaunchScreen.storyboard */; };
		24E03B712AE6B2A3005E78DD /* AppCoordinator.swift in Sources */ = {isa = PBXBuildFile; fileRef = 24E03B702AE6B2A3005E78DD /* AppCoordinator.swift */; };
/* End PBXBuildFile section */

/* Begin PBXFileReference section */
		246100F82AFBE4F4000E1295 /* CharacterRepositoryImp.swift */ = {isa = PBXFileReference; lastKnownFileType = sourcecode.swift; path = CharacterRepositoryImp.swift; sourceTree = "<group>"; };
		246100FA2AFBE5B4000E1295 /* ResultsCharacterDTO+Mapping.swift */ = {isa = PBXFileReference; lastKnownFileType = sourcecode.swift; path = "ResultsCharacterDTO+Mapping.swift"; sourceTree = "<group>"; };
		246100FD2AFC0C1C000E1295 /* LoadCharacterUseCase.swift */ = {isa = PBXFileReference; lastKnownFileType = sourcecode.swift; path = LoadCharacterUseCase.swift; sourceTree = "<group>"; };
		246101012AFC0DD7000E1295 /* CharacterViewModel.swift */ = {isa = PBXFileReference; lastKnownFileType = sourcecode.swift; path = CharacterViewModel.swift; sourceTree = "<group>"; };
		246101032AFC0E36000E1295 /* ItemCharacterViewModel.swift */ = {isa = PBXFileReference; lastKnownFileType = sourcecode.swift; path = ItemCharacterViewModel.swift; sourceTree = "<group>"; };
		246101052AFC0ED6000E1295 /* BaseViewModel.swift */ = {isa = PBXFileReference; lastKnownFileType = sourcecode.swift; path = BaseViewModel.swift; sourceTree = "<group>"; };
		246101072AFC0F4A000E1295 /* StateController.swift */ = {isa = PBXFileReference; lastKnownFileType = sourcecode.swift; path = StateController.swift; sourceTree = "<group>"; };
		246101092AFC1C12000E1295 /* UITableViewController+ext.swift */ = {isa = PBXFileReference; lastKnownFileType = sourcecode.swift; path = "UITableViewController+ext.swift"; sourceTree = "<group>"; };
		2461010F2AFC2524000E1295 /* LastPageValidationUseCase.swift */ = {isa = PBXFileReference; lastKnownFileType = sourcecode.swift; path = LastPageValidationUseCase.swift; sourceTree = "<group>"; };
		246101122AFC4451000E1295 /* MessageDisplayable.swift */ = {isa = PBXFileReference; lastKnownFileType = sourcecode.swift; path = MessageDisplayable.swift; sourceTree = "<group>"; };
		246101162AFC475A000E1295 /* RemoteImageDataService.swift */ = {isa = PBXFileReference; lastKnownFileType = sourcecode.swift; path = RemoteImageDataService.swift; sourceTree = "<group>"; };
		2461011A2AFC47C9000E1295 /* NetworkService+ext.swift */ = {isa = PBXFileReference; lastKnownFileType = sourcecode.swift; path = "NetworkService+ext.swift"; sourceTree = "<group>"; };
		2461011D2AFC48D6000E1295 /* LocalDataImageService.swift */ = {isa = PBXFileReference; lastKnownFileType = sourcecode.swift; path = LocalDataImageService.swift; sourceTree = "<group>"; };
		246101202AFC49F0000E1295 /* ImageDataRepository.swift */ = {isa = PBXFileReference; lastKnownFileType = sourcecode.swift; path = ImageDataRepository.swift; sourceTree = "<group>"; };
		246101232AFC4A8F000E1295 /* ImageDataRepositoryImp.swift */ = {isa = PBXFileReference; lastKnownFileType = sourcecode.swift; path = ImageDataRepositoryImp.swift; sourceTree = "<group>"; };
		246101262AFC4BAC000E1295 /* ImageDataUseCase.swift */ = {isa = PBXFileReference; lastKnownFileType = sourcecode.swift; path = ImageDataUseCase.swift; sourceTree = "<group>"; };
		246101282AFC54A6000E1295 /* UIImageView+ext.swift */ = {isa = PBXFileReference; lastKnownFileType = sourcecode.swift; path = "UIImageView+ext.swift"; sourceTree = "<group>"; };
		247A900D2AFB9844007F0805 /* Coordinator.swift */ = {isa = PBXFileReference; lastKnownFileType = sourcecode.swift; path = Coordinator.swift; sourceTree = "<group>"; };
		247A900F2AFB984C007F0805 /* ParentCoordinator.swift */ = {isa = PBXFileReference; lastKnownFileType = sourcecode.swift; path = ParentCoordinator.swift; sourceTree = "<group>"; };
		247A90122AFB987C007F0805 /* Router.swift */ = {isa = PBXFileReference; lastKnownFileType = sourcecode.swift; path = Router.swift; sourceTree = "<group>"; };
		247A90152AFB9975007F0805 /* AppFactory.swift */ = {isa = PBXFileReference; lastKnownFileType = sourcecode.swift; path = AppFactory.swift; sourceTree = "<group>"; };
		247A90172AFB9989007F0805 /* AppDIContainer.swift */ = {isa = PBXFileReference; lastKnownFileType = sourcecode.swift; path = AppDIContainer.swift; sourceTree = "<group>"; };
		247A901A2AFB99C9007F0805 /* Auth.swift */ = {isa = PBXFileReference; lastKnownFileType = sourcecode.swift; path = Auth.swift; sourceTree = "<group>"; };
		247A90202AFB9AE4007F0805 /* LoginFactory.swift */ = {isa = PBXFileReference; lastKnownFileType = sourcecode.swift; path = LoginFactory.swift; sourceTree = "<group>"; };
		247A90222AFB9AF3007F0805 /* LoginCoordinator.swift */ = {isa = PBXFileReference; lastKnownFileType = sourcecode.swift; path = LoginCoordinator.swift; sourceTree = "<group>"; };
		247A90242AFB9B2B007F0805 /* LoginViewController.swift */ = {isa = PBXFileReference; lastKnownFileType = sourcecode.swift; path = LoginViewController.swift; sourceTree = "<group>"; };
		247A90262AFB9B3C007F0805 /* LoginViewModel.swift */ = {isa = PBXFileReference; lastKnownFileType = sourcecode.swift; path = LoginViewModel.swift; sourceTree = "<group>"; };
		247A902B2AFB9BDC007F0805 /* MainTabBarController.swift */ = {isa = PBXFileReference; lastKnownFileType = sourcecode.swift; path = MainTabBarController.swift; sourceTree = "<group>"; };
		247A902D2AFB9C76007F0805 /* MainTabBarFactory.swift */ = {isa = PBXFileReference; lastKnownFileType = sourcecode.swift; path = MainTabBarFactory.swift; sourceTree = "<group>"; };
		247A902F2AFB9C9C007F0805 /* MainTabBarCoordinator.swift */ = {isa = PBXFileReference; lastKnownFileType = sourcecode.swift; path = MainTabBarCoordinator.swift; sourceTree = "<group>"; };
		247A90312AFB9CA9007F0805 /* ItemTabBarFactory.swift */ = {isa = PBXFileReference; lastKnownFileType = sourcecode.swift; path = ItemTabBarFactory.swift; sourceTree = "<group>"; };
		247A90392AFBA698007F0805 /* CharactersFactory.swift */ = {isa = PBXFileReference; lastKnownFileType = sourcecode.swift; path = CharactersFactory.swift; sourceTree = "<group>"; };
		247A903B2AFBA6A2007F0805 /* CharactersCoordinator.swift */ = {isa = PBXFileReference; lastKnownFileType = sourcecode.swift; path = CharactersCoordinator.swift; sourceTree = "<group>"; };
		247A903D2AFBA7D4007F0805 /* CharactersViewController.swift */ = {isa = PBXFileReference; lastKnownFileType = sourcecode.swift; path = CharactersViewController.swift; sourceTree = "<group>"; };
		247A903F2AFBA880007F0805 /* SettingCoordinator.swift */ = {isa = PBXFileReference; lastKnownFileType = sourcecode.swift; path = SettingCoordinator.swift; sourceTree = "<group>"; };
		247A90412AFBA887007F0805 /* SettingsFactory.swift */ = {isa = PBXFileReference; lastKnownFileType = sourcecode.swift; path = SettingsFactory.swift; sourceTree = "<group>"; };
		247A90452AFBA98B007F0805 /* SettingsViewController.swift */ = {isa = PBXFileReference; lastKnownFileType = sourcecode.swift; path = SettingsViewController.swift; sourceTree = "<group>"; };
		247A90472AFBA9AB007F0805 /* SettingsViewModel.swift */ = {isa = PBXFileReference; lastKnownFileType = sourcecode.swift; path = SettingsViewModel.swift; sourceTree = "<group>"; };
		247A90492AFBA9DC007F0805 /* SettingsViewNavigation.swift */ = {isa = PBXFileReference; lastKnownFileType = sourcecode.swift; path = SettingsViewNavigation.swift; sourceTree = "<group>"; };
		247A904B2AFBA9EE007F0805 /* ItemSettingViewModel.swift */ = {isa = PBXFileReference; lastKnownFileType = sourcecode.swift; path = ItemSettingViewModel.swift; sourceTree = "<group>"; };
		247A90522AFBB661007F0805 /* Endpoint.swift */ = {isa = PBXFileReference; lastKnownFileType = sourcecode.swift; path = Endpoint.swift; sourceTree = "<group>"; };
		247A90542AFBB6A0007F0805 /* NetworkError.swift */ = {isa = PBXFileReference; lastKnownFileType = sourcecode.swift; path = NetworkError.swift; sourceTree = "<group>"; };
		247A90562AFBB765007F0805 /* Network.swift */ = {isa = PBXFileReference; lastKnownFileType = sourcecode.swift; path = Network.swift; sourceTree = "<group>"; };
		247A90582AFBB7B5007F0805 /* StatusResponse.swift */ = {isa = PBXFileReference; lastKnownFileType = sourcecode.swift; path = StatusResponse.swift; sourceTree = "<group>"; };
		247A905A2AFBB831007F0805 /* NetworkService.swift */ = {isa = PBXFileReference; lastKnownFileType = sourcecode.swift; path = NetworkService.swift; sourceTree = "<group>"; };
		247A905F2AFBC230007F0805 /* ItemCharacterTableViewCell.swift */ = {isa = PBXFileReference; lastKnownFileType = sourcecode.swift; path = ItemCharacterTableViewCell.swift; sourceTree = "<group>"; };
		247A90612AFBC28E007F0805 /* Reusable.swift */ = {isa = PBXFileReference; lastKnownFileType = sourcecode.swift; path = Reusable.swift; sourceTree = "<group>"; };
		247A90632AFBC342007F0805 /* UIView+ext.swift */ = {isa = PBXFileReference; lastKnownFileType = sourcecode.swift; path = "UIView+ext.swift"; sourceTree = "<group>"; };
		247A90662AFBC3CA007F0805 /* Resources.swift */ = {isa = PBXFileReference; lastKnownFileType = sourcecode.swift; path = Resources.swift; sourceTree = "<group>"; };
		247A906D2AFBDAA5007F0805 /* Character.swift */ = {isa = PBXFileReference; lastKnownFileType = sourcecode.swift; path = Character.swift; sourceTree = "<group>"; };
		247A906F2AFBDC9E007F0805 /* String+ext.swift */ = {isa = PBXFileReference; lastKnownFileType = sourcecode.swift; path = "String+ext.swift"; sourceTree = "<group>"; };
		247A90712AFBDD35007F0805 /* AppLocalized.swift */ = {isa = PBXFileReference; lastKnownFileType = sourcecode.swift; path = AppLocalized.swift; sourceTree = "<group>"; };
		247A90732AFBDDEF007F0805 /* StatusCharacter.swift */ = {isa = PBXFileReference; lastKnownFileType = sourcecode.swift; path = StatusCharacter.swift; sourceTree = "<group>"; };
		247A90752AFBDE07007F0805 /* Specie.swift */ = {isa = PBXFileReference; lastKnownFileType = sourcecode.swift; path = Specie.swift; sourceTree = "<group>"; };
		247A90772AFBE02C007F0805 /* Origin.swift */ = {isa = PBXFileReference; lastKnownFileType = sourcecode.swift; path = Origin.swift; sourceTree = "<group>"; };
		247A90792AFBE076007F0805 /* Location.swift */ = {isa = PBXFileReference; lastKnownFileType = sourcecode.swift; path = Location.swift; sourceTree = "<group>"; };
		247A907D2AFBE0E0007F0805 /* ResultsCharacterDTO.swift */ = {isa = PBXFileReference; lastKnownFileType = sourcecode.swift; path = ResultsCharacterDTO.swift; sourceTree = "<group>"; };
		247A907F2AFBE10E007F0805 /* CharacterDTO.swift */ = {isa = PBXFileReference; lastKnownFileType = sourcecode.swift; path = CharacterDTO.swift; sourceTree = "<group>"; };
		247A90822AFBE199007F0805 /* OriginDTO.swift */ = {isa = PBXFileReference; lastKnownFileType = sourcecode.swift; path = OriginDTO.swift; sourceTree = "<group>"; };
		247A90842AFBE1B8007F0805 /* LocationDTO.swift */ = {isa = PBXFileReference; lastKnownFileType = sourcecode.swift; path = LocationDTO.swift; sourceTree = "<group>"; };
		247A90862AFBE1FD007F0805 /* InfoDTO.swift */ = {isa = PBXFileReference; lastKnownFileType = sourcecode.swift; path = InfoDTO.swift; sourceTree = "<group>"; };
		247A908A2AFBE2CE007F0805 /* CharactersRepository.swift */ = {isa = PBXFileReference; lastKnownFileType = sourcecode.swift; path = CharactersRepository.swift; sourceTree = "<group>"; };
		247A908C2AFBE350007F0805 /* Info.swift */ = {isa = PBXFileReference; lastKnownFileType = sourcecode.swift; path = Info.swift; sourceTree = "<group>"; };
		248368942AFCECCD00B9AC9A /* CharacterDetailViewController.swift */ = {isa = PBXFileReference; lastKnownFileType = sourcecode.swift; path = CharacterDetailViewController.swift; sourceTree = "<group>"; };
		248368962AFCED0300B9AC9A /* CharacterDetailCoordinator.swift */ = {isa = PBXFileReference; lastKnownFileType = sourcecode.swift; path = CharacterDetailCoordinator.swift; sourceTree = "<group>"; };
		248368982AFCED3700B9AC9A /* CharacterDetailFactory.swift */ = {isa = PBXFileReference; lastKnownFileType = sourcecode.swift; path = CharacterDetailFactory.swift; sourceTree = "<group>"; };
		2483689D2AFCF84900B9AC9A /* CharacterDetailRepository.swift */ = {isa = PBXFileReference; lastKnownFileType = sourcecode.swift; path = CharacterDetailRepository.swift; sourceTree = "<group>"; };
		248368A02AFD119900B9AC9A /* CharacterDetailRepositoryImp.swift */ = {isa = PBXFileReference; lastKnownFileType = sourcecode.swift; path = CharacterDetailRepositoryImp.swift; sourceTree = "<group>"; };
		248368A32AFD12AE00B9AC9A /* CharacterDTO+Mapping.swift */ = {isa = PBXFileReference; lastKnownFileType = sourcecode.swift; path = "CharacterDTO+Mapping.swift"; sourceTree = "<group>"; };
		248368A62AFD15C900B9AC9A /* LoadCharacterDetailUseCase.swift */ = {isa = PBXFileReference; lastKnownFileType = sourcecode.swift; path = LoadCharacterDetailUseCase.swift; sourceTree = "<group>"; };
		248368AA2AFD19E300B9AC9A /* CharacterDetailViewModel.swift */ = {isa = PBXFileReference; lastKnownFileType = sourcecode.swift; path = CharacterDetailViewModel.swift; sourceTree = "<group>"; };
		248368AC2AFD2D1C00B9AC9A /* SpinnerDisplayable.swift */ = {isa = PBXFileReference; lastKnownFileType = sourcecode.swift; path = SpinnerDisplayable.swift; sourceTree = "<group>"; };
		24E03B472AE6AB02005E78DD /* Rick&Morty.app */ = {isa = PBXFileReference; explicitFileType = wrapper.application; includeInIndex = 0; path = "Rick&Morty.app"; sourceTree = BUILT_PRODUCTS_DIR; };
		24E03B4A2AE6AB02005E78DD /* AppDelegate.swift */ = {isa = PBXFileReference; lastKnownFileType = sourcecode.swift; path = AppDelegate.swift; sourceTree = "<group>"; };
		24E03B4C2AE6AB02005E78DD /* SceneDelegate.swift */ = {isa = PBXFileReference; lastKnownFileType = sourcecode.swift; path = SceneDelegate.swift; sourceTree = "<group>"; };
		24E03B532AE6AB03005E78DD /* Assets.xcassets */ = {isa = PBXFileReference; lastKnownFileType = folder.assetcatalog; path = Assets.xcassets; sourceTree = "<group>"; };
		24E03B562AE6AB03005E78DD /* Base */ = {isa = PBXFileReference; lastKnownFileType = file.storyboard; name = Base; path = Base.lproj/LaunchScreen.storyboard; sourceTree = "<group>"; };
		24E03B582AE6AB03005E78DD /* Info.plist */ = {isa = PBXFileReference; lastKnownFileType = text.plist.xml; path = Info.plist; sourceTree = "<group>"; };
		24E03B702AE6B2A3005E78DD /* AppCoordinator.swift */ = {isa = PBXFileReference; lastKnownFileType = sourcecode.swift; path = AppCoordinator.swift; sourceTree = "<group>"; };
/* End PBXFileReference section */

/* Begin PBXFrameworksBuildPhase section */
		24E03B442AE6AB02005E78DD /* Frameworks */ = {
			isa = PBXFrameworksBuildPhase;
			buildActionMask = 2147483647;
			files = (
			);
			runOnlyForDeploymentPostprocessing = 0;
		};
/* End PBXFrameworksBuildPhase section */

/* Begin PBXGroup section */
		246100F72AFBE4CF000E1295 /* Repositories */ = {
			isa = PBXGroup;
			children = (
				246100F82AFBE4F4000E1295 /* CharacterRepositoryImp.swift */,
			);
			path = Repositories;
			sourceTree = "<group>";
		};
		246100FC2AFC0C0A000E1295 /* UseCases */ = {
			isa = PBXGroup;
			children = (
				246100FD2AFC0C1C000E1295 /* LoadCharacterUseCase.swift */,
				2461010F2AFC2524000E1295 /* LastPageValidationUseCase.swift */,
			);
			path = UseCases;
			sourceTree = "<group>";
		};
		246100FF2AFC0DA3000E1295 /* View */ = {
			isa = PBXGroup;
			children = (
				247A905C2AFBC20C007F0805 /* Cell */,
				247A903D2AFBA7D4007F0805 /* CharactersViewController.swift */,
			);
			path = View;
			sourceTree = "<group>";
		};
		246101002AFC0DA9000E1295 /* ViewModel */ = {
			isa = PBXGroup;
			children = (
				246101012AFC0DD7000E1295 /* CharacterViewModel.swift */,
				246101032AFC0E36000E1295 /* ItemCharacterViewModel.swift */,
			);
			path = ViewModel;
			sourceTree = "<group>";
		};
		2461010B2AFC1DE1000E1295 /* Core */ = {
			isa = PBXGroup;
			children = (
				24E03B6D2AE6B1CB005E78DD /* Protocol */,
				2461010C2AFC1DF3000E1295 /* Localize */,
				247A90682AFBDA71007F0805 /* Layer */,
				247A90652AFBC3BE007F0805 /* Helper */,
				24DE37A42AEAAE25007FCA1E /* Extension */,
			);
			path = Core;
			sourceTree = "<group>";
		};
		2461010C2AFC1DF3000E1295 /* Localize */ = {
			isa = PBXGroup;
			children = (
				247A90712AFBDD35007F0805 /* AppLocalized.swift */,
			);
			path = Localize;
			sourceTree = "<group>";
		};
		2461010D2AFC1ED1000E1295 /* Launch */ = {
			isa = PBXGroup;
			children = (
				24E03B552AE6AB03005E78DD /* LaunchScreen.storyboard */,
			);
			path = Launch;
			sourceTree = "<group>";
		};
		2461010E2AFC1EDD000E1295 /* Assets */ = {
			isa = PBXGroup;
			children = (
				24E03B532AE6AB03005E78DD /* Assets.xcassets */,
			);
			path = Assets;
			sourceTree = "<group>";
		};
		246101112AFC4440000E1295 /* Components */ = {
			isa = PBXGroup;
			children = (
				246101122AFC4451000E1295 /* MessageDisplayable.swift */,
				248368AC2AFD2D1C00B9AC9A /* SpinnerDisplayable.swift */,
			);
			path = Components;
			sourceTree = "<group>";
		};
		2461011C2AFC48BD000E1295 /* LocalStorage */ = {
			isa = PBXGroup;
			children = (
				2461011D2AFC48D6000E1295 /* LocalDataImageService.swift */,
			);
			path = LocalStorage;
			sourceTree = "<group>";
		};
		2461011F2AFC49DB000E1295 /* InterfaceRepository */ = {
			isa = PBXGroup;
			children = (
				246101202AFC49F0000E1295 /* ImageDataRepository.swift */,
			);
			path = InterfaceRepository;
			sourceTree = "<group>";
		};
		246101222AFC4A70000E1295 /* RepositoriesImp */ = {
			isa = PBXGroup;
			children = (
				246101232AFC4A8F000E1295 /* ImageDataRepositoryImp.swift */,
			);
			path = RepositoriesImp;
			sourceTree = "<group>";
		};
		246101252AFC4B97000E1295 /* UseCases */ = {
			isa = PBXGroup;
			children = (
				246101262AFC4BAC000E1295 /* ImageDataUseCase.swift */,
			);
			path = UseCases;
			sourceTree = "<group>";
		};
		247A90112AFB9873007F0805 /* Router */ = {
			isa = PBXGroup;
			children = (
				247A90122AFB987C007F0805 /* Router.swift */,
			);
			path = Router;
			sourceTree = "<group>";
		};
		247A90142AFB9938007F0805 /* AppComposition */ = {
			isa = PBXGroup;
			children = (
				24E03B702AE6B2A3005E78DD /* AppCoordinator.swift */,
				247A90152AFB9975007F0805 /* AppFactory.swift */,
				247A90172AFB9989007F0805 /* AppDIContainer.swift */,
			);
			path = AppComposition;
			sourceTree = "<group>";
		};
		247A90192AFB99C0007F0805 /* Auth */ = {
			isa = PBXGroup;
			children = (
				247A901A2AFB99C9007F0805 /* Auth.swift */,
			);
			path = Auth;
			sourceTree = "<group>";
		};
		247A901D2AFB9A3F007F0805 /* Login */ = {
			isa = PBXGroup;
			children = (
				247A901E2AFB9AC6007F0805 /* Scene */,
				247A901F2AFB9AD0007F0805 /* Composition */,
			);
			path = Login;
			sourceTree = "<group>";
		};
		247A901E2AFB9AC6007F0805 /* Scene */ = {
			isa = PBXGroup;
			children = (
				247A90242AFB9B2B007F0805 /* LoginViewController.swift */,
				247A90262AFB9B3C007F0805 /* LoginViewModel.swift */,
			);
			path = Scene;
			sourceTree = "<group>";
		};
		247A901F2AFB9AD0007F0805 /* Composition */ = {
			isa = PBXGroup;
			children = (
				247A90202AFB9AE4007F0805 /* LoginFactory.swift */,
				247A90222AFB9AF3007F0805 /* LoginCoordinator.swift */,
			);
			path = Composition;
			sourceTree = "<group>";
		};
		247A90292AFB9BBE007F0805 /* Composition */ = {
			isa = PBXGroup;
			children = (
				247A902D2AFB9C76007F0805 /* MainTabBarFactory.swift */,
				247A902F2AFB9C9C007F0805 /* MainTabBarCoordinator.swift */,
				247A90312AFB9CA9007F0805 /* ItemTabBarFactory.swift */,
			);
			path = Composition;
			sourceTree = "<group>";
		};
		247A902A2AFB9BCB007F0805 /* Scene */ = {
			isa = PBXGroup;
			children = (
				247A902B2AFB9BDC007F0805 /* MainTabBarController.swift */,
			);
			path = Scene;
			sourceTree = "<group>";
		};
		247A90332AFB9E62007F0805 /* Settings */ = {
			isa = PBXGroup;
			children = (
				247A90382AFB9EAC007F0805 /* Scene */,
				247A90372AFB9EA6007F0805 /* Composition */,
			);
			path = Settings;
			sourceTree = "<group>";
		};
		247A90342AFB9E69007F0805 /* Characters */ = {
			isa = PBXGroup;
			children = (
				247A907B2AFBE0C6007F0805 /* Data */,
				247A90882AFBE2A8007F0805 /* Domain */,
				247A90362AFB9EA0007F0805 /* Scene */,
				247A90352AFB9E9A007F0805 /* Composition */,
			);
			path = Characters;
			sourceTree = "<group>";
		};
		247A90352AFB9E9A007F0805 /* Composition */ = {
			isa = PBXGroup;
			children = (
				247A90392AFBA698007F0805 /* CharactersFactory.swift */,
				247A903B2AFBA6A2007F0805 /* CharactersCoordinator.swift */,
			);
			path = Composition;
			sourceTree = "<group>";
		};
		247A90362AFB9EA0007F0805 /* Scene */ = {
			isa = PBXGroup;
			children = (
				246100FF2AFC0DA3000E1295 /* View */,
				246101002AFC0DA9000E1295 /* ViewModel */,
			);
			path = Scene;
			sourceTree = "<group>";
		};
		247A90372AFB9EA6007F0805 /* Composition */ = {
			isa = PBXGroup;
			children = (
				247A903F2AFBA880007F0805 /* SettingCoordinator.swift */,
				247A90412AFBA887007F0805 /* SettingsFactory.swift */,
			);
			path = Composition;
			sourceTree = "<group>";
		};
		247A90382AFB9EAC007F0805 /* Scene */ = {
			isa = PBXGroup;
			children = (
				247A90432AFBA977007F0805 /* View */,
				247A90442AFBA97E007F0805 /* ViewModel */,
			);
			path = Scene;
			sourceTree = "<group>";
		};
		247A90432AFBA977007F0805 /* View */ = {
			isa = PBXGroup;
			children = (
				247A90452AFBA98B007F0805 /* SettingsViewController.swift */,
			);
			path = View;
			sourceTree = "<group>";
		};
		247A90442AFBA97E007F0805 /* ViewModel */ = {
			isa = PBXGroup;
			children = (
				247A90472AFBA9AB007F0805 /* SettingsViewModel.swift */,
				247A90492AFBA9DC007F0805 /* SettingsViewNavigation.swift */,
				247A904B2AFBA9EE007F0805 /* ItemSettingViewModel.swift */,
			);
			path = ViewModel;
			sourceTree = "<group>";
		};
		247A904D2AFBADA9007F0805 /* Service */ = {
			isa = PBXGroup;
			children = (
				247A90192AFB99C0007F0805 /* Auth */,
				247A904E2AFBB60D007F0805 /* Network */,
				2461011C2AFC48BD000E1295 /* LocalStorage */,
			);
			path = Service;
			sourceTree = "<group>";
		};
		247A904E2AFBB60D007F0805 /* Network */ = {
			isa = PBXGroup;
			children = (
				247A904F2AFBB63B007F0805 /* Composition */,
				247A90502AFBB642007F0805 /* Implementation */,
				247A90512AFBB651007F0805 /* Endpoint */,
			);
			path = Network;
			sourceTree = "<group>";
		};
		247A904F2AFBB63B007F0805 /* Composition */ = {
			isa = PBXGroup;
			children = (
				247A90562AFBB765007F0805 /* Network.swift */,
				246101162AFC475A000E1295 /* RemoteImageDataService.swift */,
				247A90542AFBB6A0007F0805 /* NetworkError.swift */,
				247A90582AFBB7B5007F0805 /* StatusResponse.swift */,
			);
			path = Composition;
			sourceTree = "<group>";
		};
		247A90502AFBB642007F0805 /* Implementation */ = {
			isa = PBXGroup;
			children = (
				247A905A2AFBB831007F0805 /* NetworkService.swift */,
				2461011A2AFC47C9000E1295 /* NetworkService+ext.swift */,
			);
			path = Implementation;
			sourceTree = "<group>";
		};
		247A90512AFBB651007F0805 /* Endpoint */ = {
			isa = PBXGroup;
			children = (
				247A90522AFBB661007F0805 /* Endpoint.swift */,
			);
			path = Endpoint;
			sourceTree = "<group>";
		};
		247A905C2AFBC20C007F0805 /* Cell */ = {
			isa = PBXGroup;
			children = (
				247A905F2AFBC230007F0805 /* ItemCharacterTableViewCell.swift */,
			);
			path = Cell;
			sourceTree = "<group>";
		};
		247A90652AFBC3BE007F0805 /* Helper */ = {
			isa = PBXGroup;
			children = (
				247A90662AFBC3CA007F0805 /* Resources.swift */,
			);
			path = Helper;
			sourceTree = "<group>";
		};
		247A90682AFBDA71007F0805 /* Layer */ = {
			isa = PBXGroup;
			children = (
				247A90692AFBDA75007F0805 /* Present */,
				247A906A2AFBDA80007F0805 /* Domain */,
				247A906B2AFBDA85007F0805 /* Data */,
			);
			path = Layer;
			sourceTree = "<group>";
		};
		247A90692AFBDA75007F0805 /* Present */ = {
			isa = PBXGroup;
			children = (
				246101072AFC0F4A000E1295 /* StateController.swift */,
				246101052AFC0ED6000E1295 /* BaseViewModel.swift */,
			);
			path = Present;
			sourceTree = "<group>";
		};
		247A906A2AFBDA80007F0805 /* Domain */ = {
			isa = PBXGroup;
			children = (
				246101252AFC4B97000E1295 /* UseCases */,
				2461011F2AFC49DB000E1295 /* InterfaceRepository */,
				247A906C2AFBDA93007F0805 /* Entities */,
			);
			path = Domain;
			sourceTree = "<group>";
		};
		247A906B2AFBDA85007F0805 /* Data */ = {
			isa = PBXGroup;
			children = (
				246101222AFC4A70000E1295 /* RepositoriesImp */,
				247A90812AFBE188007F0805 /* DTO */,
			);
			path = Data;
			sourceTree = "<group>";
		};
		247A906C2AFBDA93007F0805 /* Entities */ = {
			isa = PBXGroup;
			children = (
				247A906D2AFBDAA5007F0805 /* Character.swift */,
				247A90732AFBDDEF007F0805 /* StatusCharacter.swift */,
				247A90752AFBDE07007F0805 /* Specie.swift */,
				247A90772AFBE02C007F0805 /* Origin.swift */,
				247A90792AFBE076007F0805 /* Location.swift */,
				247A908C2AFBE350007F0805 /* Info.swift */,
			);
			path = Entities;
			sourceTree = "<group>";
		};
		247A907B2AFBE0C6007F0805 /* Data */ = {
			isa = PBXGroup;
			children = (
				246100F72AFBE4CF000E1295 /* Repositories */,
				247A907C2AFBE0CD007F0805 /* DTO */,
			);
			path = Data;
			sourceTree = "<group>";
		};
		247A907C2AFBE0CD007F0805 /* DTO */ = {
			isa = PBXGroup;
			children = (
				247A907D2AFBE0E0007F0805 /* ResultsCharacterDTO.swift */,
				246100FA2AFBE5B4000E1295 /* ResultsCharacterDTO+Mapping.swift */,
			);
			path = DTO;
			sourceTree = "<group>";
		};
		247A90812AFBE188007F0805 /* DTO */ = {
			isa = PBXGroup;
			children = (
				247A90822AFBE199007F0805 /* OriginDTO.swift */,
				247A90842AFBE1B8007F0805 /* LocationDTO.swift */,
				247A90862AFBE1FD007F0805 /* InfoDTO.swift */,
				247A907F2AFBE10E007F0805 /* CharacterDTO.swift */,
			);
			path = DTO;
			sourceTree = "<group>";
		};
		247A90882AFBE2A8007F0805 /* Domain */ = {
			isa = PBXGroup;
			children = (
				246100FC2AFC0C0A000E1295 /* UseCases */,
				247A90892AFBE2B1007F0805 /* RepositoriesInterfaces */,
			);
			path = Domain;
			sourceTree = "<group>";
		};
		247A90892AFBE2B1007F0805 /* RepositoriesInterfaces */ = {
			isa = PBXGroup;
			children = (
				247A908A2AFBE2CE007F0805 /* CharactersRepository.swift */,
			);
			path = RepositoriesInterfaces;
			sourceTree = "<group>";
		};
		248368912AFCEC9200B9AC9A /* CharacterDetail */ = {
			isa = PBXGroup;
			children = (
				2483689B2AFCF7DA00B9AC9A /* Data */,
				2483689A2AFCF7D600B9AC9A /* Domain */,
				248368932AFCECA600B9AC9A /* Scene */,
				248368922AFCEC9E00B9AC9A /* Composition */,
			);
			path = CharacterDetail;
			sourceTree = "<group>";
		};
		248368922AFCEC9E00B9AC9A /* Composition */ = {
			isa = PBXGroup;
			children = (
				248368962AFCED0300B9AC9A /* CharacterDetailCoordinator.swift */,
				248368982AFCED3700B9AC9A /* CharacterDetailFactory.swift */,
			);
			path = Composition;
			sourceTree = "<group>";
		};
		248368932AFCECA600B9AC9A /* Scene */ = {
			isa = PBXGroup;
			children = (
				248368A92AFD19D100B9AC9A /* View */,
				248368A82AFD19CA00B9AC9A /* ViewModel */,
			);
			path = Scene;
			sourceTree = "<group>";
		};
		2483689A2AFCF7D600B9AC9A /* Domain */ = {
			isa = PBXGroup;
			children = (
				248368A52AFD159E00B9AC9A /* UseCases */,
				2483689C2AFCF81600B9AC9A /* RepositoriesInterfaces */,
			);
			path = Domain;
			sourceTree = "<group>";
		};
		2483689B2AFCF7DA00B9AC9A /* Data */ = {
			isa = PBXGroup;
			children = (
				248368A22AFD129600B9AC9A /* DTO */,
				2483689F2AFCF8E900B9AC9A /* Repositories */,
			);
			path = Data;
			sourceTree = "<group>";
		};
		2483689C2AFCF81600B9AC9A /* RepositoriesInterfaces */ = {
			isa = PBXGroup;
			children = (
				2483689D2AFCF84900B9AC9A /* CharacterDetailRepository.swift */,
			);
			path = RepositoriesInterfaces;
			sourceTree = "<group>";
		};
		2483689F2AFCF8E900B9AC9A /* Repositories */ = {
			isa = PBXGroup;
			children = (
				248368A02AFD119900B9AC9A /* CharacterDetailRepositoryImp.swift */,
			);
			path = Repositories;
			sourceTree = "<group>";
		};
		248368A22AFD129600B9AC9A /* DTO */ = {
			isa = PBXGroup;
			children = (
				248368A32AFD12AE00B9AC9A /* CharacterDTO+Mapping.swift */,
			);
			path = DTO;
			sourceTree = "<group>";
		};
		248368A52AFD159E00B9AC9A /* UseCases */ = {
			isa = PBXGroup;
			children = (
				248368A62AFD15C900B9AC9A /* LoadCharacterDetailUseCase.swift */,
			);
			path = UseCases;
			sourceTree = "<group>";
		};
		248368A82AFD19CA00B9AC9A /* ViewModel */ = {
			isa = PBXGroup;
			children = (
				248368AA2AFD19E300B9AC9A /* CharacterDetailViewModel.swift */,
			);
			path = ViewModel;
			sourceTree = "<group>";
		};
		248368A92AFD19D100B9AC9A /* View */ = {
			isa = PBXGroup;
			children = (
				248368942AFCECCD00B9AC9A /* CharacterDetailViewController.swift */,
			);
			path = View;
			sourceTree = "<group>";
		};
		24DE37A42AEAAE25007FCA1E /* Extension */ = {
			isa = PBXGroup;
			children = (
				247A90632AFBC342007F0805 /* UIView+ext.swift */,
				247A906F2AFBDC9E007F0805 /* String+ext.swift */,
				246101092AFC1C12000E1295 /* UITableViewController+ext.swift */,
				246101282AFC54A6000E1295 /* UIImageView+ext.swift */,
			);
			path = Extension;
			sourceTree = "<group>";
		};
		24DE37B22AEABF1F007FCA1E /* Flow */ = {
			isa = PBXGroup;
			children = (
				2461010D2AFC1ED1000E1295 /* Launch */,
				247A901D2AFB9A3F007F0805 /* Login */,
				24DE37B32AEABF2B007FCA1E /* MainTabBar */,
				247A90342AFB9E69007F0805 /* Characters */,
				248368912AFCEC9200B9AC9A /* CharacterDetail */,
				247A90332AFB9E62007F0805 /* Settings */,
			);
			path = Flow;
			sourceTree = "<group>";
		};
		24DE37B32AEABF2B007FCA1E /* MainTabBar */ = {
			isa = PBXGroup;
			children = (
				247A902A2AFB9BCB007F0805 /* Scene */,
				247A90292AFB9BBE007F0805 /* Composition */,
			);
			path = MainTabBar;
			sourceTree = "<group>";
		};
		24E03B3E2AE6AB02005E78DD = {
			isa = PBXGroup;
			children = (
				24E03B492AE6AB02005E78DD /* Rick&Morty */,
				24E03B482AE6AB02005E78DD /* Products */,
			);
			sourceTree = "<group>";
		};
		24E03B482AE6AB02005E78DD /* Products */ = {
			isa = PBXGroup;
			children = (
				24E03B472AE6AB02005E78DD /* Rick&Morty.app */,
			);
			name = Products;
			sourceTree = "<group>";
		};
		24E03B492AE6AB02005E78DD /* Rick&Morty */ = {
			isa = PBXGroup;
			children = (
				24E03B5E2AE6AB67005E78DD /* Application */,
				2461010B2AFC1DE1000E1295 /* Core */,
				24DE37B22AEABF1F007FCA1E /* Flow */,
				247A904D2AFBADA9007F0805 /* Service */,
				24E03B5F2AE6AB6F005E78DD /* Recources */,
			);
			path = "Rick&Morty";
			sourceTree = "<group>";
		};
		24E03B5E2AE6AB67005E78DD /* Application */ = {
			isa = PBXGroup;
			children = (
				24E03B4A2AE6AB02005E78DD /* AppDelegate.swift */,
				24E03B4C2AE6AB02005E78DD /* SceneDelegate.swift */,
				247A90142AFB9938007F0805 /* AppComposition */,
			);
			path = Application;
			sourceTree = "<group>";
		};
		24E03B5F2AE6AB6F005E78DD /* Recources */ = {
			isa = PBXGroup;
			children = (
				2461010E2AFC1EDD000E1295 /* Assets */,
				24E03B582AE6AB03005E78DD /* Info.plist */,
			);
			path = Recources;
			sourceTree = "<group>";
		};
		24E03B6D2AE6B1CB005E78DD /* Protocol */ = {
			isa = PBXGroup;
			children = (
				24E03B722AE6B7DC005E78DD /* Coordinator */,
				247A90112AFB9873007F0805 /* Router */,
				246101112AFC4440000E1295 /* Components */,
				247A90612AFBC28E007F0805 /* Reusable.swift */,
			);
			path = Protocol;
			sourceTree = "<group>";
		};
		24E03B722AE6B7DC005E78DD /* Coordinator */ = {
			isa = PBXGroup;
			children = (
				247A900D2AFB9844007F0805 /* Coordinator.swift */,
				247A900F2AFB984C007F0805 /* ParentCoordinator.swift */,
			);
			path = Coordinator;
			sourceTree = "<group>";
		};
/* End PBXGroup section */

/* Begin PBXNativeTarget section */
		24E03B462AE6AB02005E78DD /* Rick&Morty */ = {
			isa = PBXNativeTarget;
			buildConfigurationList = 24E03B5B2AE6AB03005E78DD /* Build configuration list for PBXNativeTarget "Rick&Morty" */;
			buildPhases = (
				24E03B432AE6AB02005E78DD /* Sources */,
				24E03B442AE6AB02005E78DD /* Frameworks */,
				24E03B452AE6AB02005E78DD /* Resources */,
			);
			buildRules = (
			);
			dependencies = (
			);
			name = "Rick&Morty";
			productName = "Rick&Morty";
			productReference = 24E03B472AE6AB02005E78DD /* Rick&Morty.app */;
			productType = "com.apple.product-type.application";
		};
/* End PBXNativeTarget section */

/* Begin PBXProject section */
		24E03B3F2AE6AB02005E78DD /* Project object */ = {
			isa = PBXProject;
			attributes = {
				BuildIndependentTargetsInParallel = 1;
				LastSwiftUpdateCheck = 1430;
				LastUpgradeCheck = 1430;
				TargetAttributes = {
					24E03B462AE6AB02005E78DD = {
						CreatedOnToolsVersion = 14.3.1;
					};
				};
			};
			buildConfigurationList = 24E03B422AE6AB02005E78DD /* Build configuration list for PBXProject "Rick&Morty" */;
			compatibilityVersion = "Xcode 14.0";
			developmentRegion = en;
			hasScannedForEncodings = 0;
			knownRegions = (
				en,
				Base,
			);
			mainGroup = 24E03B3E2AE6AB02005E78DD;
			productRefGroup = 24E03B482AE6AB02005E78DD /* Products */;
			projectDirPath = "";
			projectRoot = "";
			targets = (
				24E03B462AE6AB02005E78DD /* Rick&Morty */,
			);
		};
/* End PBXProject section */

/* Begin PBXResourcesBuildPhase section */
		24E03B452AE6AB02005E78DD /* Resources */ = {
			isa = PBXResourcesBuildPhase;
			buildActionMask = 2147483647;
			files = (
				24E03B572AE6AB03005E78DD /* LaunchScreen.storyboard in Resources */,
				24E03B542AE6AB03005E78DD /* Assets.xcassets in Resources */,
			);
			runOnlyForDeploymentPostprocessing = 0;
		};
/* End PBXResourcesBuildPhase section */

/* Begin PBXSourcesBuildPhase section */
		24E03B432AE6AB02005E78DD /* Sources */ = {
			isa = PBXSourcesBuildPhase;
			buildActionMask = 2147483647;
			files = (
				248368A42AFD12AE00B9AC9A /* CharacterDTO+Mapping.swift in Sources */,
				246100FB2AFBE5B4000E1295 /* ResultsCharacterDTO+Mapping.swift in Sources */,
				246101062AFC0ED6000E1295 /* BaseViewModel.swift in Sources */,
				248368992AFCED3700B9AC9A /* CharacterDetailFactory.swift in Sources */,
				247A90762AFBDE07007F0805 /* Specie.swift in Sources */,
				246101102AFC2524000E1295 /* LastPageValidationUseCase.swift in Sources */,
				247A90782AFBE02C007F0805 /* Origin.swift in Sources */,
				2483689E2AFCF84900B9AC9A /* CharacterDetailRepository.swift in Sources */,
				247A902C2AFB9BDC007F0805 /* MainTabBarController.swift in Sources */,
				2461011B2AFC47C9000E1295 /* NetworkService+ext.swift in Sources */,
				247A90552AFBB6A0007F0805 /* NetworkError.swift in Sources */,
				247A90532AFBB661007F0805 /* Endpoint.swift in Sources */,
				247A90572AFBB765007F0805 /* Network.swift in Sources */,
				247A90102AFB984C007F0805 /* ParentCoordinator.swift in Sources */,
				247A90702AFBDC9E007F0805 /* String+ext.swift in Sources */,
				248368A12AFD119900B9AC9A /* CharacterDetailRepositoryImp.swift in Sources */,
				247A90132AFB987C007F0805 /* Router.swift in Sources */,
				2461010A2AFC1C12000E1295 /* UITableViewController+ext.swift in Sources */,
				247A903A2AFBA698007F0805 /* CharactersFactory.swift in Sources */,
				246100FE2AFC0C1C000E1295 /* LoadCharacterUseCase.swift in Sources */,
				247A90322AFB9CA9007F0805 /* ItemTabBarFactory.swift in Sources */,
				247A907E2AFBE0E0007F0805 /* ResultsCharacterDTO.swift in Sources */,
				248368972AFCED0300B9AC9A /* CharacterDetailCoordinator.swift in Sources */,
				246101022AFC0DD7000E1295 /* CharacterViewModel.swift in Sources */,
				247A90852AFBE1B8007F0805 /* LocationDTO.swift in Sources */,
				248368AB2AFD19E300B9AC9A /* CharacterDetailViewModel.swift in Sources */,
				24E03B4B2AE6AB02005E78DD /* AppDelegate.swift in Sources */,
				248368952AFCECCD00B9AC9A /* CharacterDetailViewController.swift in Sources */,
				247A90802AFBE10E007F0805 /* CharacterDTO.swift in Sources */,
				247A90302AFB9C9C007F0805 /* MainTabBarCoordinator.swift in Sources */,
				247A90722AFBDD35007F0805 /* AppLocalized.swift in Sources */,
				247A90642AFBC342007F0805 /* UIView+ext.swift in Sources */,
				247A90402AFBA880007F0805 /* SettingCoordinator.swift in Sources */,
				246101292AFC54A6000E1295 /* UIImageView+ext.swift in Sources */,
				246101212AFC49F0000E1295 /* ImageDataRepository.swift in Sources */,
				24E03B712AE6B2A3005E78DD /* AppCoordinator.swift in Sources */,
				247A90622AFBC28E007F0805 /* Reusable.swift in Sources */,
				248368A72AFD15C900B9AC9A /* LoadCharacterDetailUseCase.swift in Sources */,
				247A90272AFB9B3C007F0805 /* LoginViewModel.swift in Sources */,
				247A901B2AFB99C9007F0805 /* Auth.swift in Sources */,
				247A90252AFB9B2B007F0805 /* LoginViewController.swift in Sources */,
				246101042AFC0E36000E1295 /* ItemCharacterViewModel.swift in Sources */,
				248368AD2AFD2D1C00B9AC9A /* SpinnerDisplayable.swift in Sources */,
				246101132AFC4451000E1295 /* MessageDisplayable.swift in Sources */,
				246101082AFC0F4A000E1295 /* StateController.swift in Sources */,
				247A90742AFBDDEF007F0805 /* StatusCharacter.swift in Sources */,
				247A903C2AFBA6A2007F0805 /* CharactersCoordinator.swift in Sources */,
				24E03B4D2AE6AB02005E78DD /* SceneDelegate.swift in Sources */,
				2461011E2AFC48D6000E1295 /* LocalDataImageService.swift in Sources */,
				247A90462AFBA98B007F0805 /* SettingsViewController.swift in Sources */,
				247A90592AFBB7B5007F0805 /* StatusResponse.swift in Sources */,
				247A90232AFB9AF3007F0805 /* LoginCoordinator.swift in Sources */,
				247A90602AFBC230007F0805 /* ItemCharacterTableViewCell.swift in Sources */,
				247A90672AFBC3CA007F0805 /* Resources.swift in Sources */,
				247A90162AFB9975007F0805 /* AppFactory.swift in Sources */,
				246101272AFC4BAC000E1295 /* ImageDataUseCase.swift in Sources */,
				247A904C2AFBA9EE007F0805 /* ItemSettingViewModel.swift in Sources */,
				247A908D2AFBE350007F0805 /* Info.swift in Sources */,
				247A903E2AFBA7D4007F0805 /* CharactersViewController.swift in Sources */,
				247A906E2AFBDAA5007F0805 /* Character.swift in Sources */,
				247A904A2AFBA9DC007F0805 /* SettingsViewNavigation.swift in Sources */,
				247A908B2AFBE2CE007F0805 /* CharactersRepository.swift in Sources */,
				247A907A2AFBE076007F0805 /* Location.swift in Sources */,
				247A900E2AFB9844007F0805 /* Coordinator.swift in Sources */,
				247A90212AFB9AE4007F0805 /* LoginFactory.swift in Sources */,
				247A902E2AFB9C76007F0805 /* MainTabBarFactory.swift in Sources */,
				247A90832AFBE199007F0805 /* OriginDTO.swift in Sources */,
				246100F92AFBE4F4000E1295 /* CharacterRepositoryImp.swift in Sources */,
				247A90872AFBE1FD007F0805 /* InfoDTO.swift in Sources */,
				246101242AFC4A8F000E1295 /* ImageDataRepositoryImp.swift in Sources */,
				247A90182AFB9989007F0805 /* AppDIContainer.swift in Sources */,
				247A905B2AFBB831007F0805 /* NetworkService.swift in Sources */,
				246101172AFC475A000E1295 /* RemoteImageDataService.swift in Sources */,
				247A90422AFBA887007F0805 /* SettingsFactory.swift in Sources */,
				247A90482AFBA9AB007F0805 /* SettingsViewModel.swift in Sources */,
			);
			runOnlyForDeploymentPostprocessing = 0;
		};
/* End PBXSourcesBuildPhase section */

/* Begin PBXVariantGroup section */
		24E03B552AE6AB03005E78DD /* LaunchScreen.storyboard */ = {
			isa = PBXVariantGroup;
			children = (
				24E03B562AE6AB03005E78DD /* Base */,
			);
			name = LaunchScreen.storyboard;
			sourceTree = "<group>";
		};
/* End PBXVariantGroup section */

/* Begin XCBuildConfiguration section */
		24E03B592AE6AB03005E78DD /* Debug */ = {
			isa = XCBuildConfiguration;
			buildSettings = {
				ALWAYS_SEARCH_USER_PATHS = NO;
				CLANG_ANALYZER_NONNULL = YES;
				CLANG_ANALYZER_NUMBER_OBJECT_CONVERSION = YES_AGGRESSIVE;
				CLANG_CXX_LANGUAGE_STANDARD = "gnu++20";
				CLANG_ENABLE_MODULES = YES;
				CLANG_ENABLE_OBJC_ARC = YES;
				CLANG_ENABLE_OBJC_WEAK = YES;
				CLANG_WARN_BLOCK_CAPTURE_AUTORELEASING = YES;
				CLANG_WARN_BOOL_CONVERSION = YES;
				CLANG_WARN_COMMA = YES;
				CLANG_WARN_CONSTANT_CONVERSION = YES;
				CLANG_WARN_DEPRECATED_OBJC_IMPLEMENTATIONS = YES;
				CLANG_WARN_DIRECT_OBJC_ISA_USAGE = YES_ERROR;
				CLANG_WARN_DOCUMENTATION_COMMENTS = YES;
				CLANG_WARN_EMPTY_BODY = YES;
				CLANG_WARN_ENUM_CONVERSION = YES;
				CLANG_WARN_INFINITE_RECURSION = YES;
				CLANG_WARN_INT_CONVERSION = YES;
				CLANG_WARN_NON_LITERAL_NULL_CONVERSION = YES;
				CLANG_WARN_OBJC_IMPLICIT_RETAIN_SELF = YES;
				CLANG_WARN_OBJC_LITERAL_CONVERSION = YES;
				CLANG_WARN_OBJC_ROOT_CLASS = YES_ERROR;
				CLANG_WARN_QUOTED_INCLUDE_IN_FRAMEWORK_HEADER = YES;
				CLANG_WARN_RANGE_LOOP_ANALYSIS = YES;
				CLANG_WARN_STRICT_PROTOTYPES = YES;
				CLANG_WARN_SUSPICIOUS_MOVE = YES;
				CLANG_WARN_UNGUARDED_AVAILABILITY = YES_AGGRESSIVE;
				CLANG_WARN_UNREACHABLE_CODE = YES;
				CLANG_WARN__DUPLICATE_METHOD_MATCH = YES;
				COPY_PHASE_STRIP = NO;
				DEBUG_INFORMATION_FORMAT = dwarf;
				ENABLE_STRICT_OBJC_MSGSEND = YES;
				ENABLE_TESTABILITY = YES;
				GCC_C_LANGUAGE_STANDARD = gnu11;
				GCC_DYNAMIC_NO_PIC = NO;
				GCC_NO_COMMON_BLOCKS = YES;
				GCC_OPTIMIZATION_LEVEL = 0;
				GCC_PREPROCESSOR_DEFINITIONS = (
					"DEBUG=1",
					"$(inherited)",
				);
				GCC_WARN_64_TO_32_BIT_CONVERSION = YES;
				GCC_WARN_ABOUT_RETURN_TYPE = YES_ERROR;
				GCC_WARN_UNDECLARED_SELECTOR = YES;
				GCC_WARN_UNINITIALIZED_AUTOS = YES_AGGRESSIVE;
				GCC_WARN_UNUSED_FUNCTION = YES;
				GCC_WARN_UNUSED_VARIABLE = YES;
				IPHONEOS_DEPLOYMENT_TARGET = 16.4;
				MTL_ENABLE_DEBUG_INFO = INCLUDE_SOURCE;
				MTL_FAST_MATH = YES;
				ONLY_ACTIVE_ARCH = YES;
				SDKROOT = iphoneos;
				SWIFT_ACTIVE_COMPILATION_CONDITIONS = DEBUG;
				SWIFT_OPTIMIZATION_LEVEL = "-Onone";
			};
			name = Debug;
		};
		24E03B5A2AE6AB03005E78DD /* Release */ = {
			isa = XCBuildConfiguration;
			buildSettings = {
				ALWAYS_SEARCH_USER_PATHS = NO;
				CLANG_ANALYZER_NONNULL = YES;
				CLANG_ANALYZER_NUMBER_OBJECT_CONVERSION = YES_AGGRESSIVE;
				CLANG_CXX_LANGUAGE_STANDARD = "gnu++20";
				CLANG_ENABLE_MODULES = YES;
				CLANG_ENABLE_OBJC_ARC = YES;
				CLANG_ENABLE_OBJC_WEAK = YES;
				CLANG_WARN_BLOCK_CAPTURE_AUTORELEASING = YES;
				CLANG_WARN_BOOL_CONVERSION = YES;
				CLANG_WARN_COMMA = YES;
				CLANG_WARN_CONSTANT_CONVERSION = YES;
				CLANG_WARN_DEPRECATED_OBJC_IMPLEMENTATIONS = YES;
				CLANG_WARN_DIRECT_OBJC_ISA_USAGE = YES_ERROR;
				CLANG_WARN_DOCUMENTATION_COMMENTS = YES;
				CLANG_WARN_EMPTY_BODY = YES;
				CLANG_WARN_ENUM_CONVERSION = YES;
				CLANG_WARN_INFINITE_RECURSION = YES;
				CLANG_WARN_INT_CONVERSION = YES;
				CLANG_WARN_NON_LITERAL_NULL_CONVERSION = YES;
				CLANG_WARN_OBJC_IMPLICIT_RETAIN_SELF = YES;
				CLANG_WARN_OBJC_LITERAL_CONVERSION = YES;
				CLANG_WARN_OBJC_ROOT_CLASS = YES_ERROR;
				CLANG_WARN_QUOTED_INCLUDE_IN_FRAMEWORK_HEADER = YES;
				CLANG_WARN_RANGE_LOOP_ANALYSIS = YES;
				CLANG_WARN_STRICT_PROTOTYPES = YES;
				CLANG_WARN_SUSPICIOUS_MOVE = YES;
				CLANG_WARN_UNGUARDED_AVAILABILITY = YES_AGGRESSIVE;
				CLANG_WARN_UNREACHABLE_CODE = YES;
				CLANG_WARN__DUPLICATE_METHOD_MATCH = YES;
				COPY_PHASE_STRIP = NO;
				DEBUG_INFORMATION_FORMAT = "dwarf-with-dsym";
				ENABLE_NS_ASSERTIONS = NO;
				ENABLE_STRICT_OBJC_MSGSEND = YES;
				GCC_C_LANGUAGE_STANDARD = gnu11;
				GCC_NO_COMMON_BLOCKS = YES;
				GCC_WARN_64_TO_32_BIT_CONVERSION = YES;
				GCC_WARN_ABOUT_RETURN_TYPE = YES_ERROR;
				GCC_WARN_UNDECLARED_SELECTOR = YES;
				GCC_WARN_UNINITIALIZED_AUTOS = YES_AGGRESSIVE;
				GCC_WARN_UNUSED_FUNCTION = YES;
				GCC_WARN_UNUSED_VARIABLE = YES;
				IPHONEOS_DEPLOYMENT_TARGET = 16.4;
				MTL_ENABLE_DEBUG_INFO = NO;
				MTL_FAST_MATH = YES;
				SDKROOT = iphoneos;
				SWIFT_COMPILATION_MODE = wholemodule;
				SWIFT_OPTIMIZATION_LEVEL = "-O";
				VALIDATE_PRODUCT = YES;
			};
			name = Release;
		};
		24E03B5C2AE6AB03005E78DD /* Debug */ = {
			isa = XCBuildConfiguration;
			buildSettings = {
				ASSETCATALOG_COMPILER_APPICON_NAME = AppIcon;
				ASSETCATALOG_COMPILER_GLOBAL_ACCENT_COLOR_NAME = AccentColor;
				CODE_SIGN_STYLE = Automatic;
				CURRENT_PROJECT_VERSION = 1;
				DEVELOPMENT_TEAM = XY95NKW6BH;
				GENERATE_INFOPLIST_FILE = YES;
				INFOPLIST_FILE = "Rick&Morty/Recources/Info.plist";
				INFOPLIST_KEY_UIApplicationSupportsIndirectInputEvents = YES;
				INFOPLIST_KEY_UILaunchStoryboardName = LaunchScreen;
				INFOPLIST_KEY_UIMainStoryboardFile = "";
				INFOPLIST_KEY_UISupportedInterfaceOrientations = "UIInterfaceOrientationLandscapeLeft UIInterfaceOrientationLandscapeRight UIInterfaceOrientationPortrait";
				IPHONEOS_DEPLOYMENT_TARGET = 15.0;
				LD_RUNPATH_SEARCH_PATHS = (
					"$(inherited)",
					"@executable_path/Frameworks",
				);
				MARKETING_VERSION = 1.0;
				PRODUCT_BUNDLE_IDENTIFIER = "com.2late2bad.Rick-Morty";
				PRODUCT_NAME = "$(TARGET_NAME)";
				SWIFT_EMIT_LOC_STRINGS = YES;
				SWIFT_VERSION = 5.0;
				TARGETED_DEVICE_FAMILY = "1,2";
			};
			name = Debug;
		};
		24E03B5D2AE6AB03005E78DD /* Release */ = {
			isa = XCBuildConfiguration;
			buildSettings = {
				ASSETCATALOG_COMPILER_APPICON_NAME = AppIcon;
				ASSETCATALOG_COMPILER_GLOBAL_ACCENT_COLOR_NAME = AccentColor;
				CODE_SIGN_STYLE = Automatic;
				CURRENT_PROJECT_VERSION = 1;
				DEVELOPMENT_TEAM = XY95NKW6BH;
				GENERATE_INFOPLIST_FILE = YES;
				INFOPLIST_FILE = "Rick&Morty/Recources/Info.plist";
				INFOPLIST_KEY_UIApplicationSupportsIndirectInputEvents = YES;
				INFOPLIST_KEY_UILaunchStoryboardName = LaunchScreen;
				INFOPLIST_KEY_UIMainStoryboardFile = "";
				INFOPLIST_KEY_UISupportedInterfaceOrientations = "UIInterfaceOrientationLandscapeLeft UIInterfaceOrientationLandscapeRight UIInterfaceOrientationPortrait";
				IPHONEOS_DEPLOYMENT_TARGET = 15.0;
				LD_RUNPATH_SEARCH_PATHS = (
					"$(inherited)",
					"@executable_path/Frameworks",
				);
				MARKETING_VERSION = 1.0;
				PRODUCT_BUNDLE_IDENTIFIER = "com.2late2bad.Rick-Morty";
				PRODUCT_NAME = "$(TARGET_NAME)";
				SWIFT_EMIT_LOC_STRINGS = YES;
				SWIFT_VERSION = 5.0;
				TARGETED_DEVICE_FAMILY = "1,2";
			};
			name = Release;
		};
/* End XCBuildConfiguration section */

/* Begin XCConfigurationList section */
		24E03B422AE6AB02005E78DD /* Build configuration list for PBXProject "Rick&Morty" */ = {
			isa = XCConfigurationList;
			buildConfigurations = (
				24E03B592AE6AB03005E78DD /* Debug */,
				24E03B5A2AE6AB03005E78DD /* Release */,
			);
			defaultConfigurationIsVisible = 0;
			defaultConfigurationName = Release;
		};
		24E03B5B2AE6AB03005E78DD /* Build configuration list for PBXNativeTarget "Rick&Morty" */ = {
			isa = XCConfigurationList;
			buildConfigurations = (
				24E03B5C2AE6AB03005E78DD /* Debug */,
				24E03B5D2AE6AB03005E78DD /* Release */,
			);
			defaultConfigurationIsVisible = 0;
			defaultConfigurationName = Release;
		};
/* End XCConfigurationList section */
	};
	rootObject = 24E03B3F2AE6AB02005E78DD /* Project object */;
}
